# This file is automatically @generated by Cargo.
# It is not intended for manual editing.
version = 4

[[package]]
name = "trestle-agent"
version = "0.1.0"

[[package]]
name = "trestle-base"
version = "0.1.0"

[[package]]
name = "trestle-cli"
version = "0.1.0"

[[package]]
name = "trestle-connectors"
version = "0.1.0"

[[package]]
name = "trestle-core"
version = "0.1.0"

[[package]]
name = "trestle-daemon"
version = "0.1.0"

[[package]]
name = "trestle-mcp"
version = "0.1.0"

[[package]]
name = "trestle-plugin-host"
version = "0.1.0"
